
Microsoft Visual Studio Solution File, Format Version 12.00
# Visual Studio Version 16
VisualStudioVersion = 16.0.30907.101
MinimumVisualStudioVersion = 10.0.40219.1
Project("{FAE04EC0-301F-11D3-BF4B-00C04F79EFBC}") = "WebApplication3", "WebApplication3\WebApplication3.csproj", "{3B876342-2DDC-4317-B5D2-19A66E839FDC}"
EndProject
Global
	GlobalSection(SolutionConfigurationPlatforms) = preSolution
		Debug|Any CPU = Debug|Any CPU
		Release|Any CPU = Release|Any CPU
	EndGlobalSection
	GlobalSection(ProjectConfigurationPlatforms) = postSolution
		{3B876342-2DDC-4317-B5D2-19A66E839FDC}.Debug|Any CPU.ActiveCfg = Debug|Any CPU
		{3B876342-2DDC-4317-B5D2-19A66E839FDC}.Debug|Any CPU.Build.0 = Debug|Any CPU
		{3B876342-2DDC-4317-B5D2-19A66E839FDC}.Release|Any CPU.ActiveCfg = Release|Any CPU
		{3B876342-2DDC-4317-B5D2-19A66E839FDC}.Release|Any CPU.Build.0 = Release|Any CPU
	EndGlobalSection
	GlobalSection(SolutionProperties) = preSolution
		HideSolutionNode = FALSE
	EndGlobalSection
	GlobalSection(ExtensibilityGlobals) = postSolution
		SolutionGuid = {BEE35BA5-9FFD-4C9B-99F4-F043F1A0A283}
	EndGlobalSection
EndGlobal
